
Microsoft Visual Studio Solution File, Format Version 12.00
# Visual Studio Version 16
VisualStudioVersion = 16.0.30128.74
MinimumVisualStudioVersion = 10.0.40219.1
Project("{FAE04EC0-301F-11D3-BF4B-00C04F79EFBC}") = "cw10", "cw10\cw10.csproj", "{87EE58F3-1C24-4469-A96B-BC57638B27EF}"
EndProject
Global
	GlobalSection(SolutionConfigurationPlatforms) = preSolution
		Debug|Any CPU = Debug|Any CPU
		Release|Any CPU = Release|Any CPU
	EndGlobalSection
	GlobalSection(ProjectConfigurationPlatforms) = postSolution
		{87EE58F3-1C24-4469-A96B-BC57638B27EF}.Debug|Any CPU.ActiveCfg = Debug|Any CPU
		{87EE58F3-1C24-4469-A96B-BC57638B27EF}.Debug|Any CPU.Build.0 = Debug|Any CPU
		{87EE58F3-1C24-4469-A96B-BC57638B27EF}.Release|Any CPU.ActiveCfg = Release|Any CPU
		{87EE58F3-1C24-4469-A96B-BC57638B27EF}.Release|Any CPU.Build.0 = Release|Any CPU
	EndGlobalSection
	GlobalSection(SolutionProperties) = preSolution
		HideSolutionNode = FALSE
	EndGlobalSection
	GlobalSection(ExtensibilityGlobals) = postSolution
		SolutionGuid = {1F618A50-CC7B-4328-B801-A3AC80B4EE1F}
	EndGlobalSection
EndGlobal
